{
  "version": 4,
  "terraform_version": "1.14.8",
  "serial": 1,
  "lineage": "a48db7bc-99f7-b962-b6db-8961b0489f3c",
  "outputs": {},
  "resources": [
    {
      "mode": "managed",
      "type": "github_repository",
      "name": "repo",
      "provider": "provider[\"registry.terraform.io/hashicorp/github\"]",
      "instances": [
        {
          "schema_version": 1,
          "attributes": {
            "allow_auto_merge": false,
            "allow_forking": true,
            "allow_merge_commit": true,
            "allow_rebase_merge": true,
            "allow_squash_merge": true,
            "allow_update_branch": false,
            "archive_on_destroy": null,
            "archived": false,
            "auto_init": true,
            "default_branch": "main",
            "delete_branch_on_merge": false,
            "description": "",
            "etag": "W/\"4a94283defdc6c82276d7f777a2e0d46141cd36e66738af23bed7c9b70fc1fad\"",
            "fork": "false",
            "full_name": "amr90amr/ci-cd-project",
            "git_clone_url": "git://github.com/amr90amr/ci-cd-project.git",
            "gitignore_template": null,
            "has_discussions": false,
            "has_downloads": false,
            "has_issues": false,
            "has_projects": false,
            "has_wiki": false,
            "homepage_url": "",
            "html_url": "https://github.com/amr90amr/ci-cd-project",
            "http_clone_url": "https://github.com/amr90amr/ci-cd-project.git",
            "id": "ci-cd-project",
            "ignore_vulnerability_alerts_during_read": false,
            "is_template": false,
            "license_template": null,
            "merge_commit_message": "PR_TITLE",
            "merge_commit_title": "MERGE_MESSAGE",
            "name": "ci-cd-project",
            "node_id": "R_kgDOSmBl6g",
            "pages": [],
            "primary_language": "",
            "private": true,
            "repo_id": 1247831530,
            "security_and_analysis": null,
            "source_owner": "",
            "source_repo": "",
            "squash_merge_commit_message": "COMMIT_MESSAGES",
            "squash_merge_commit_title": "COMMIT_OR_PR_TITLE",
            "ssh_clone_url": "git@github.com:amr90amr/ci-cd-project.git",
            "svn_url": "https://github.com/amr90amr/ci-cd-project",
            "template": [],
            "topics": [],
            "visibility": "private",
            "vulnerability_alerts": null,
            "web_commit_signoff_required": false
          },
          "sensitive_attributes": [],
          "identity_schema_version": 0,
          "private": "eyJzY2hlbWFfdmVyc2lvbiI6IjEifQ=="
        }
      ]
    }
  ],
  "check_results": null
}
